
Microsoft Visual Studio Solution File, Format Version 12.00
# Visual Studio 15
VisualStudioVersion = 15.0.27428.2015
MinimumVisualStudioVersion = 10.0.40219.1
Project("{FAE04EC0-301F-11D3-BF4B-00C04F79EFBC}") = "Lab3C", "Lab3C\Lab3C.csproj", "{DE061F4E-7313-421B-8AA1-DABD48827A55}"
EndProject
Global
	GlobalSection(SolutionConfigurationPlatforms) = preSolution
		Debug|Any CPU = Debug|Any CPU
		Release|Any CPU = Release|Any CPU
	EndGlobalSection
	GlobalSection(ProjectConfigurationPlatforms) = postSolution
		{DE061F4E-7313-421B-8AA1-DABD48827A55}.Debug|Any CPU.ActiveCfg = Debug|Any CPU
		{DE061F4E-7313-421B-8AA1-DABD48827A55}.Debug|Any CPU.Build.0 = Debug|Any CPU
		{DE061F4E-7313-421B-8AA1-DABD48827A55}.Release|Any CPU.ActiveCfg = Release|Any CPU
		{DE061F4E-7313-421B-8AA1-DABD48827A55}.Release|Any CPU.Build.0 = Release|Any CPU
	EndGlobalSection
	GlobalSection(SolutionProperties) = preSolution
		HideSolutionNode = FALSE
	EndGlobalSection
	GlobalSection(ExtensibilityGlobals) = postSolution
		SolutionGuid = {584DA020-14FA-4AC1-B4C6-A7E35612B13D}
	EndGlobalSection
EndGlobal
